
Microsoft Visual Studio Solution File, Format Version 12.00
# Visual Studio Version 17
VisualStudioVersion = 17.3.32929.385
MinimumVisualStudioVersion = 10.0.40219.1
Project("{FAE04EC0-301F-11D3-BF4B-00C04F79EFBC}") = "AdivinheNumero", "AdivinheNumero.csproj", "{BEE69E17-32AB-4EFE-A762-A93021A2A4DC}"
EndProject
Global
	GlobalSection(SolutionConfigurationPlatforms) = preSolution
		Debug|Any CPU = Debug|Any CPU
		Release|Any CPU = Release|Any CPU
	EndGlobalSection
	GlobalSection(ProjectConfigurationPlatforms) = postSolution
		{BEE69E17-32AB-4EFE-A762-A93021A2A4DC}.Debug|Any CPU.ActiveCfg = Debug|Any CPU
		{BEE69E17-32AB-4EFE-A762-A93021A2A4DC}.Debug|Any CPU.Build.0 = Debug|Any CPU
		{BEE69E17-32AB-4EFE-A762-A93021A2A4DC}.Release|Any CPU.ActiveCfg = Release|Any CPU
		{BEE69E17-32AB-4EFE-A762-A93021A2A4DC}.Release|Any CPU.Build.0 = Release|Any CPU
	EndGlobalSection
	GlobalSection(SolutionProperties) = preSolution
		HideSolutionNode = FALSE
	EndGlobalSection
	GlobalSection(ExtensibilityGlobals) = postSolution
		SolutionGuid = {A7A5A511-2021-40FD-8C91-5BF0A4F5E732}
	EndGlobalSection
EndGlobal
